# This file is automatically @generated by Cargo.
# It is not intended for manual editing.
version = 4

[[package]]
name = "rootline-cli"
version = "0.1.0"
dependencies = [
 "rootline-engine",
]

[[package]]
name = "rootline-core"
version = "0.1.0"

[[package]]
name = "rootline-engine"
version = "0.1.0"
dependencies = [
 "rootline-core",
]
